
Microsoft Visual Studio Solution File, Format Version 12.00
# Visual Studio 15
Project("{FAE04EC0-301F-11D3-BF4B-00C04F79EFBC}") = "ListBug.iOS", "ListBug.iOS\ListBug.iOS.csproj", "{9011D6C8-9A17-4BE4-A6F9-11B95615EE0F}"
EndProject
Project("{FAE04EC0-301F-11D3-BF4B-00C04F79EFBC}") = "ListBug", "ListBug\ListBug.csproj", "{8312EF0A-8666-4A54-AE1E-6DA36B6E3AE2}"
EndProject
Global
	GlobalSection(SolutionConfigurationPlatforms) = preSolution
		Debug|Any CPU = Debug|Any CPU
		Release|Any CPU = Release|Any CPU
		Debug|iPhoneSimulator = Debug|iPhoneSimulator
		Release|iPhoneSimulator = Release|iPhoneSimulator
		Debug|iPhone = Debug|iPhone
		Release|iPhone = Release|iPhone
	EndGlobalSection
	GlobalSection(ProjectConfigurationPlatforms) = postSolution
		{9011D6C8-9A17-4BE4-A6F9-11B95615EE0F}.Debug|Any CPU.ActiveCfg = Debug|iPhoneSimulator
		{9011D6C8-9A17-4BE4-A6F9-11B95615EE0F}.Debug|Any CPU.Build.0 = Debug|iPhoneSimulator
		{9011D6C8-9A17-4BE4-A6F9-11B95615EE0F}.Release|Any CPU.ActiveCfg = Release|iPhoneSimulator
		{9011D6C8-9A17-4BE4-A6F9-11B95615EE0F}.Release|Any CPU.Build.0 = Release|iPhoneSimulator
		{9011D6C8-9A17-4BE4-A6F9-11B95615EE0F}.Debug|iPhoneSimulator.ActiveCfg = Debug|iPhoneSimulator
		{9011D6C8-9A17-4BE4-A6F9-11B95615EE0F}.Debug|iPhoneSimulator.Build.0 = Debug|iPhoneSimulator
		{9011D6C8-9A17-4BE4-A6F9-11B95615EE0F}.Release|iPhoneSimulator.ActiveCfg = Release|iPhoneSimulator
		{9011D6C8-9A17-4BE4-A6F9-11B95615EE0F}.Release|iPhoneSimulator.Build.0 = Release|iPhoneSimulator
		{9011D6C8-9A17-4BE4-A6F9-11B95615EE0F}.Debug|iPhone.ActiveCfg = Debug|iPhone
		{9011D6C8-9A17-4BE4-A6F9-11B95615EE0F}.Debug|iPhone.Build.0 = Debug|iPhone
		{9011D6C8-9A17-4BE4-A6F9-11B95615EE0F}.Release|iPhone.ActiveCfg = Release|iPhone
		{9011D6C8-9A17-4BE4-A6F9-11B95615EE0F}.Release|iPhone.Build.0 = Release|iPhone
		{8312EF0A-8666-4A54-AE1E-6DA36B6E3AE2}.Debug|Any CPU.ActiveCfg = Debug|Any CPU
		{8312EF0A-8666-4A54-AE1E-6DA36B6E3AE2}.Debug|Any CPU.Build.0 = Debug|Any CPU
		{8312EF0A-8666-4A54-AE1E-6DA36B6E3AE2}.Release|Any CPU.ActiveCfg = Release|Any CPU
		{8312EF0A-8666-4A54-AE1E-6DA36B6E3AE2}.Release|Any CPU.Build.0 = Release|Any CPU
		{8312EF0A-8666-4A54-AE1E-6DA36B6E3AE2}.Debug|iPhoneSimulator.ActiveCfg = Debug|Any CPU
		{8312EF0A-8666-4A54-AE1E-6DA36B6E3AE2}.Debug|iPhoneSimulator.Build.0 = Debug|Any CPU
		{8312EF0A-8666-4A54-AE1E-6DA36B6E3AE2}.Release|iPhoneSimulator.ActiveCfg = Release|Any CPU
		{8312EF0A-8666-4A54-AE1E-6DA36B6E3AE2}.Release|iPhoneSimulator.Build.0 = Release|Any CPU
		{8312EF0A-8666-4A54-AE1E-6DA36B6E3AE2}.Debug|iPhone.ActiveCfg = Debug|Any CPU
		{8312EF0A-8666-4A54-AE1E-6DA36B6E3AE2}.Debug|iPhone.Build.0 = Debug|Any CPU
		{8312EF0A-8666-4A54-AE1E-6DA36B6E3AE2}.Release|iPhone.ActiveCfg = Release|Any CPU
		{8312EF0A-8666-4A54-AE1E-6DA36B6E3AE2}.Release|iPhone.Build.0 = Release|Any CPU
	EndGlobalSection
EndGlobal
